{
  "version": 4,
  "terraform_version": "1.6.5",
  "serial": 5,
  "lineage": "c15e41e4-a6b6-7d05-55a6-2652af053357",
  "outputs": {},
  "resources": [
    {
      "mode": "managed",
      "type": "aws_vpc",
      "name": "test",
      "provider": "provider[\"registry.terraform.io/hashicorp/aws\"]",
      "instances": [
        {
          "schema_version": 1,
          "attributes": {
            "arn": "arn:aws:ec2:us-east-1:454717754853:vpc/vpc-02c307316ed29b081",
            "assign_generated_ipv6_cidr_block": false,
            "cidr_block": "10.0.0.0/16",
            "default_network_acl_id": "acl-02ae690346e22b7a4",
            "default_route_table_id": "rtb-049a6b8816c0eadae",
            "default_security_group_id": "sg-0034f751473501fea",
            "dhcp_options_id": "dopt-c5dceebf",
            "enable_dns_hostnames": true,
            "enable_dns_support": true,
            "enable_network_address_usage_metrics": false,
            "id": "vpc-02c307316ed29b081",
            "instance_tenancy": "default",
            "ipv4_ipam_pool_id": null,
            "ipv4_netmask_length": null,
            "ipv6_association_id": "",
            "ipv6_cidr_block": "",
            "ipv6_cidr_block_network_border_group": "",
            "ipv6_ipam_pool_id": "",
            "ipv6_netmask_length": 0,
            "main_route_table_id": "rtb-049a6b8816c0eadae",
            "owner_id": "454717754853",
            "tags": {
              "Name": "ahmed"
            },
            "tags_all": {
              "Name": "ahmed"
            }
          },
          "sensitive_attributes": [],
          "private": "eyJzY2hlbWFfdmVyc2lvbiI6IjEifQ=="
        }
      ]
    }
  ],
  "check_results": null
}
